// !$*UTF8*$!
{
	archiveVersion = 1;
	classes = {
	};
	objectVersion = 48;
	objects = {

/* Begin PBXBuildFile section */
		6D26DC7E208F00F900FEF984 /* recomendation_btn.png in Resources */ = {isa = PBXBuildFile; fileRef = 6D26DC7C208F00F800FEF984 /* recomendation_btn.png */; };
		6D26DC7F208F00F900FEF984 /* tryagain.png in Resources */ = {isa = PBXBuildFile; fileRef = 6D26DC7D208F00F800FEF984 /* tryagain.png */; };
		6D26DC82208F013D00FEF984 /* tryagain.png in Resources */ = {isa = PBXBuildFile; fileRef = 6D26DC80208F013D00FEF984 /* tryagain.png */; };
		6D26DC83208F013D00FEF984 /* recomendation_btn.png in Resources */ = {isa = PBXBuildFile; fileRef = 6D26DC81208F013D00FEF984 /* recomendation_btn.png */; };
		8509AEF0208CCCA900FFC7AD /* CameraManager.swift in Sources */ = {isa = PBXBuildFile; fileRef = 8509AEEF208CCCA900FFC7AD /* CameraManager.swift */; };
		8509AEF2208CD04B00FFC7AD /* Protocols.swift in Sources */ = {isa = PBXBuildFile; fileRef = 8509AEF1208CD04B00FFC7AD /* Protocols.swift */; };
		850FB219207A0A7F00E6658D /* AppDelegate.swift in Sources */ = {isa = PBXBuildFile; fileRef = 850FB218207A0A7F00E6658D /* AppDelegate.swift */; };
		850FB21E207A0A7F00E6658D /* Main.storyboard in Resources */ = {isa = PBXBuildFile; fileRef = 850FB21C207A0A7F00E6658D /* Main.storyboard */; };
		850FB220207A0A7F00E6658D /* Assets.xcassets in Resources */ = {isa = PBXBuildFile; fileRef = 850FB21F207A0A7F00E6658D /* Assets.xcassets */; };
		850FB223207A0A7F00E6658D /* LaunchScreen.storyboard in Resources */ = {isa = PBXBuildFile; fileRef = 850FB221207A0A7F00E6658D /* LaunchScreen.storyboard */; };
		850FB22E207A0A7F00E6658D /* ProcterGambleTests.swift in Sources */ = {isa = PBXBuildFile; fileRef = 850FB22D207A0A7F00E6658D /* ProcterGambleTests.swift */; };
		850FB239207A0A7F00E6658D /* ProcterGambleUITests.swift in Sources */ = {isa = PBXBuildFile; fileRef = 850FB238207A0A7F00E6658D /* ProcterGambleUITests.swift */; };
		8511F13C2085D6F800B8764A /* CaptureSession.swift in Sources */ = {isa = PBXBuildFile; fileRef = 8511F13A2085D6F800B8764A /* CaptureSession.swift */; };
		8511F13D2085D6F800B8764A /* PhotoCaptureDelegate.swift in Sources */ = {isa = PBXBuildFile; fileRef = 8511F13B2085D6F800B8764A /* PhotoCaptureDelegate.swift */; };
		8511F144208628FD00B8764A /* cuppon_lively_color_two.png in Resources */ = {isa = PBXBuildFile; fileRef = 8511F13E208628FC00B8764A /* cuppon_lively_color_two.png */; };
		8511F145208628FD00B8764A /* cuppon_smooth_silk_two.png in Resources */ = {isa = PBXBuildFile; fileRef = 8511F13F208628FC00B8764A /* cuppon_smooth_silk_two.png */; };
		8511F146208628FD00B8764A /* square_button.png in Resources */ = {isa = PBXBuildFile; fileRef = 8511F140208628FC00B8764A /* square_button.png */; };
		8511F147208628FD00B8764A /* send_button.png in Resources */ = {isa = PBXBuildFile; fileRef = 8511F141208628FC00B8764A /* send_button.png */; };
		8511F148208628FD00B8764A /* cuppon.png in Resources */ = {isa = PBXBuildFile; fileRef = 8511F142208628FC00B8764A /* cuppon.png */; };
		8511F149208628FD00B8764A /* cupon_repair_protect_two.png in Resources */ = {isa = PBXBuildFile; fileRef = 8511F143208628FC00B8764A /* cupon_repair_protect_two.png */; };
		8511F14D208637C700B8764A /* template.jpg in Resources */ = {isa = PBXBuildFile; fileRef = 8511F14A208637C700B8764A /* template.jpg */; };
		8511F14E208637C700B8764A /* back_to_app_button.png in Resources */ = {isa = PBXBuildFile; fileRef = 8511F14B208637C700B8764A /* back_to_app_button.png */; };
		8511F14F208637C700B8764A /* Vector Smart Object.png in Resources */ = {isa = PBXBuildFile; fileRef = 8511F14C208637C700B8764A /* Vector Smart Object.png */; };
		8511F15920863C9600B8764A /* lively_color_one.jpg in Resources */ = {isa = PBXBuildFile; fileRef = 8511F15020863C9500B8764A /* lively_color_one.jpg */; };
		8511F15A20863C9600B8764A /* lively_color_two.jpg in Resources */ = {isa = PBXBuildFile; fileRef = 8511F15120863C9500B8764A /* lively_color_two.jpg */; };
		8511F15B20863C9600B8764A /* lively_color_three.jpg in Resources */ = {isa = PBXBuildFile; fileRef = 8511F15220863C9500B8764A /* lively_color_three.jpg */; };
		8511F15C20863C9600B8764A /* repair_protect_three.jpg in Resources */ = {isa = PBXBuildFile; fileRef = 8511F15320863C9500B8764A /* repair_protect_three.jpg */; };
		8511F15D20863C9600B8764A /* repair_protect_two.jpg in Resources */ = {isa = PBXBuildFile; fileRef = 8511F15420863C9500B8764A /* repair_protect_two.jpg */; };
		8511F15E20863C9600B8764A /* smooth_silky_two.jpg in Resources */ = {isa = PBXBuildFile; fileRef = 8511F15520863C9500B8764A /* smooth_silky_two.jpg */; };
		8511F15F20863C9600B8764A /* smooth_silky_three.jpg in Resources */ = {isa = PBXBuildFile; fileRef = 8511F15620863C9500B8764A /* smooth_silky_three.jpg */; };
		8511F16020863C9600B8764A /* smooth_silky_one.jpg in Resources */ = {isa = PBXBuildFile; fileRef = 8511F15720863C9600B8764A /* smooth_silky_one.jpg */; };
		8511F16120863C9600B8764A /* repair_protect_one.jpg in Resources */ = {isa = PBXBuildFile; fileRef = 8511F15820863C9600B8764A /* repair_protect_one.jpg */; };
		8513113220836B94008DF6F4 /* main_bg_updated.png in Resources */ = {isa = PBXBuildFile; fileRef = 8513112220836B93008DF6F4 /* main_bg_updated.png */; };
		8513113320836B94008DF6F4 /* animation_one.png in Resources */ = {isa = PBXBuildFile; fileRef = 8513112320836B93008DF6F4 /* animation_one.png */; };
		8513113420836B94008DF6F4 /* takepicture.png in Resources */ = {isa = PBXBuildFile; fileRef = 8513112420836B93008DF6F4 /* takepicture.png */; };
		8513113520836B94008DF6F4 /* shoot_text.png in Resources */ = {isa = PBXBuildFile; fileRef = 8513112520836B93008DF6F4 /* shoot_text.png */; };
		8513113620836B94008DF6F4 /* vector_three.png in Resources */ = {isa = PBXBuildFile; fileRef = 8513112620836B93008DF6F4 /* vector_three.png */; };
		8513113720836B94008DF6F4 /* vector_two.png in Resources */ = {isa = PBXBuildFile; fileRef = 8513112720836B93008DF6F4 /* vector_two.png */; };
		8513113820836B94008DF6F4 /* i_want_start.png in Resources */ = {isa = PBXBuildFile; fileRef = 8513112820836B93008DF6F4 /* i_want_start.png */; };
		8513113920836B94008DF6F4 /* animation_four.png in Resources */ = {isa = PBXBuildFile; fileRef = 8513112920836B94008DF6F4 /* animation_four.png */; };
		8513113A20836B94008DF6F4 /* animation_three.png in Resources */ = {isa = PBXBuildFile; fileRef = 8513112A20836B94008DF6F4 /* animation_three.png */; };
		8513113B20836B94008DF6F4 /* vector_four.png in Resources */ = {isa = PBXBuildFile; fileRef = 8513112B20836B94008DF6F4 /* vector_four.png */; };
		8513113C20836B94008DF6F4 /* back_button.png in Resources */ = {isa = PBXBuildFile; fileRef = 8513112C20836B94008DF6F4 /* back_button.png */; };
		8513113D20836B94008DF6F4 /* vector_one.png in Resources */ = {isa = PBXBuildFile; fileRef = 8513112D20836B94008DF6F4 /* vector_one.png */; };
		8513113E20836B94008DF6F4 /* Net.png in Resources */ = {isa = PBXBuildFile; fileRef = 8513112E20836B94008DF6F4 /* Net.png */; };
		8513113F20836B94008DF6F4 /* text_shooting.png in Resources */ = {isa = PBXBuildFile; fileRef = 8513112F20836B94008DF6F4 /* text_shooting.png */; };
		8513114020836B94008DF6F4 /* animation_two.png in Resources */ = {isa = PBXBuildFile; fileRef = 8513113020836B94008DF6F4 /* animation_two.png */; };
		8513114120836B94008DF6F4 /* main_background.png in Resources */ = {isa = PBXBuildFile; fileRef = 8513113120836B94008DF6F4 /* main_background.png */; };
		85131145208394C2008DF6F4 /* rec_three.jpg in Resources */ = {isa = PBXBuildFile; fileRef = 85131142208394C1008DF6F4 /* rec_three.jpg */; };
		85131146208394C2008DF6F4 /* rec_two.jpg in Resources */ = {isa = PBXBuildFile; fileRef = 85131143208394C1008DF6F4 /* rec_two.jpg */; };
		85131147208394C2008DF6F4 /* rec_one.jpg in Resources */ = {isa = PBXBuildFile; fileRef = 85131144208394C2008DF6F4 /* rec_one.jpg */; };
		85170AC220833850000AE5CD /* RecomendationVC.swift in Sources */ = {isa = PBXBuildFile; fileRef = 85170AC120833850000AE5CD /* RecomendationVC.swift */; };
		85170AC420833862000AE5CD /* RecomendationModel.swift in Sources */ = {isa = PBXBuildFile; fileRef = 85170AC320833862000AE5CD /* RecomendationModel.swift */; };
		85170AC72083387D000AE5CD /* RecomendationPresenter.swift in Sources */ = {isa = PBXBuildFile; fileRef = 85170AC62083387D000AE5CD /* RecomendationPresenter.swift */; };
		8530CE4E207DEEB400B0B6EB /* HomePageModelTests.swift in Sources */ = {isa = PBXBuildFile; fileRef = 8530CE4D207DEEB400B0B6EB /* HomePageModelTests.swift */; };
		859BB6B9207CC88E008870F5 /* HomePageVC.swift in Sources */ = {isa = PBXBuildFile; fileRef = 859BB6B8207CC88E008870F5 /* HomePageVC.swift */; };
		859BB6BC207CCA26008870F5 /* CameraVC.swift in Sources */ = {isa = PBXBuildFile; fileRef = 859BB6BB207CCA26008870F5 /* CameraVC.swift */; };
		859BB6BE207CCA4A008870F5 /* PhotoVC.swift in Sources */ = {isa = PBXBuildFile; fileRef = 859BB6BD207CCA4A008870F5 /* PhotoVC.swift */; };
		859BB6C0207CCA5B008870F5 /* CouponVC.swift in Sources */ = {isa = PBXBuildFile; fileRef = 859BB6BF207CCA5B008870F5 /* CouponVC.swift */; };
		859BB6C2207CCA6C008870F5 /* PolicyVC.swift in Sources */ = {isa = PBXBuildFile; fileRef = 859BB6C1207CCA6C008870F5 /* PolicyVC.swift */; };
		859BB6C4207CCA7A008870F5 /* SettingsVC.swift in Sources */ = {isa = PBXBuildFile; fileRef = 859BB6C3207CCA7A008870F5 /* SettingsVC.swift */; };
		859BB6C6207CCAA7008870F5 /* CameraModel.swift in Sources */ = {isa = PBXBuildFile; fileRef = 859BB6C5207CCAA7008870F5 /* CameraModel.swift */; };
		859BB6C8207CCAB9008870F5 /* HomePageModel.swift in Sources */ = {isa = PBXBuildFile; fileRef = 859BB6C7207CCAB9008870F5 /* HomePageModel.swift */; };
		859BB6CA207CCACA008870F5 /* PhotoModel.swift in Sources */ = {isa = PBXBuildFile; fileRef = 859BB6C9207CCACA008870F5 /* PhotoModel.swift */; };
		859BB6CC207CCADE008870F5 /* CouponModel.swift in Sources */ = {isa = PBXBuildFile; fileRef = 859BB6CB207CCADE008870F5 /* CouponModel.swift */; };
		859BB6CE207CCAEC008870F5 /* PolicyModel.swift in Sources */ = {isa = PBXBuildFile; fileRef = 859BB6CD207CCAEC008870F5 /* PolicyModel.swift */; };
		859BB6D0207CCAFC008870F5 /* SettingsModel.swift in Sources */ = {isa = PBXBuildFile; fileRef = 859BB6CF207CCAFC008870F5 /* SettingsModel.swift */; };
		859BB6D2207CCB2C008870F5 /* Storage.swift in Sources */ = {isa = PBXBuildFile; fileRef = 859BB6D1207CCB2C008870F5 /* Storage.swift */; };
		859BB6D4207CCB4D008870F5 /* Twillio.swift in Sources */ = {isa = PBXBuildFile; fileRef = 859BB6D3207CCB4D008870F5 /* Twillio.swift */; };
		859BB6D6207CCC13008870F5 /* FetchRequest.swift in Sources */ = {isa = PBXBuildFile; fileRef = 859BB6D5207CCC13008870F5 /* FetchRequest.swift */; };
		859BB6D8207CCC3D008870F5 /* AppManager.swift in Sources */ = {isa = PBXBuildFile; fileRef = 859BB6D7207CCC3D008870F5 /* AppManager.swift */; };
		859BB6E0207CD5D2008870F5 /* HomePagePresenter.swift in Sources */ = {isa = PBXBuildFile; fileRef = 859BB6DF207CD5D2008870F5 /* HomePagePresenter.swift */; };
		859BB6E2207CD639008870F5 /* CameraPresenter.swift in Sources */ = {isa = PBXBuildFile; fileRef = 859BB6E1207CD639008870F5 /* CameraPresenter.swift */; };
		859BB6E4207CD6A3008870F5 /* PhotoPresenter.swift in Sources */ = {isa = PBXBuildFile; fileRef = 859BB6E3207CD6A3008870F5 /* PhotoPresenter.swift */; };
		859BB6E6207CD6DC008870F5 /* CouponPresenter.swift in Sources */ = {isa = PBXBuildFile; fileRef = 859BB6E5207CD6DC008870F5 /* CouponPresenter.swift */; };
		859BB6E8207CD6FB008870F5 /* PolicyPresenter.swift in Sources */ = {isa = PBXBuildFile; fileRef = 859BB6E7207CD6FB008870F5 /* PolicyPresenter.swift */; };
		859BB6EA207CD710008870F5 /* SettingsPresenter.swift in Sources */ = {isa = PBXBuildFile; fileRef = 859BB6E9207CD710008870F5 /* SettingsPresenter.swift */; };
		859BB6EC207CD764008870F5 /* Podfile in Resources */ = {isa = PBXBuildFile; fileRef = 859BB6EB207CD764008870F5 /* Podfile */; };
		859BB6F1207CF684008870F5 /* language.swift in Sources */ = {isa = PBXBuildFile; fileRef = 859BB6F0207CF684008870F5 /* language.swift */; };
		D7D109776152448852F300B2 /* Pods_ProcterGamble.framework in Frameworks */ = {isa = PBXBuildFile; fileRef = ACA6E8D93C7BCA3275364AB7 /* Pods_ProcterGamble.framework */; };
/* End PBXBuildFile section */

/* Begin PBXContainerItemProxy section */
		850FB22A207A0A7F00E6658D /* PBXContainerItemProxy */ = {
			isa = PBXContainerItemProxy;
			containerPortal = 850FB20D207A0A7F00E6658D /* Project object */;
			proxyType = 1;
			remoteGlobalIDString = 850FB214207A0A7F00E6658D;
			remoteInfo = ProcterGamble;
		};
		850FB235207A0A7F00E6658D /* PBXContainerItemProxy */ = {
			isa = PBXContainerItemProxy;
			containerPortal = 850FB20D207A0A7F00E6658D /* Project object */;
			proxyType = 1;
			remoteGlobalIDString = 850FB214207A0A7F00E6658D;
			remoteInfo = ProcterGamble;
		};
/* End PBXContainerItemProxy section */

/* Begin PBXFileReference section */
		6D26DC7C208F00F800FEF984 /* recomendation_btn.png */ = {isa = PBXFileReference; lastKnownFileType = image.png; name = recomendation_btn.png; path = "../../../../../../Pictures/p&g/recomendation_btn.png"; sourceTree = "<group>"; };
		6D26DC7D208F00F800FEF984 /* tryagain.png */ = {isa = PBXFileReference; lastKnownFileType = image.png; name = tryagain.png; path = "../../../../../../Pictures/p&g/tryagain.png"; sourceTree = "<group>"; };
		6D26DC80208F013D00FEF984 /* tryagain.png */ = {isa = PBXFileReference; lastKnownFileType = image.png; path = tryagain.png; sourceTree = "<group>"; };
		6D26DC81208F013D00FEF984 /* recomendation_btn.png */ = {isa = PBXFileReference; lastKnownFileType = image.png; path = recomendation_btn.png; sourceTree = "<group>"; };
		8509AEEF208CCCA900FFC7AD /* CameraManager.swift */ = {isa = PBXFileReference; lastKnownFileType = sourcecode.swift; path = CameraManager.swift; sourceTree = "<group>"; };
		8509AEF1208CD04B00FFC7AD /* Protocols.swift */ = {isa = PBXFileReference; lastKnownFileType = sourcecode.swift; path = Protocols.swift; sourceTree = "<group>"; };
		850FB215207A0A7F00E6658D /* ProcterGamble.app */ = {isa = PBXFileReference; explicitFileType = wrapper.application; includeInIndex = 0; path = ProcterGamble.app; sourceTree = BUILT_PRODUCTS_DIR; };
		850FB218207A0A7F00E6658D /* AppDelegate.swift */ = {isa = PBXFileReference; lastKnownFileType = sourcecode.swift; path = AppDelegate.swift; sourceTree = "<group>"; };
		850FB21D207A0A7F00E6658D /* Base */ = {isa = PBXFileReference; lastKnownFileType = file.storyboard; name = Base; path = Base.lproj/Main.storyboard; sourceTree = "<group>"; };
		850FB21F207A0A7F00E6658D /* Assets.xcassets */ = {isa = PBXFileReference; lastKnownFileType = folder.assetcatalog; path = Assets.xcassets; sourceTree = "<group>"; };
		850FB222207A0A7F00E6658D /* Base */ = {isa = PBXFileReference; lastKnownFileType = file.storyboard; name = Base; path = Base.lproj/LaunchScreen.storyboard; sourceTree = "<group>"; };
		850FB224207A0A7F00E6658D /* Info.plist */ = {isa = PBXFileReference; lastKnownFileType = text.plist.xml; path = Info.plist; sourceTree = "<group>"; };
		850FB229207A0A7F00E6658D /* ProcterGambleTests.xctest */ = {isa = PBXFileReference; explicitFileType = wrapper.cfbundle; includeInIndex = 0; path = ProcterGambleTests.xctest; sourceTree = BUILT_PRODUCTS_DIR; };
		850FB22D207A0A7F00E6658D /* ProcterGambleTests.swift */ = {isa = PBXFileReference; lastKnownFileType = sourcecode.swift; path = ProcterGambleTests.swift; sourceTree = "<group>"; };
		850FB22F207A0A7F00E6658D /* Info.plist */ = {isa = PBXFileReference; lastKnownFileType = text.plist.xml; path = Info.plist; sourceTree = "<group>"; };
		850FB234207A0A7F00E6658D /* ProcterGambleUITests.xctest */ = {isa = PBXFileReference; explicitFileType = wrapper.cfbundle; includeInIndex = 0; path = ProcterGambleUITests.xctest; sourceTree = BUILT_PRODUCTS_DIR; };
		850FB238207A0A7F00E6658D /* ProcterGambleUITests.swift */ = {isa = PBXFileReference; lastKnownFileType = sourcecode.swift; path = ProcterGambleUITests.swift; sourceTree = "<group>"; };
		850FB23A207A0A7F00E6658D /* Info.plist */ = {isa = PBXFileReference; lastKnownFileType = text.plist.xml; path = Info.plist; sourceTree = "<group>"; };
		8511F13A2085D6F800B8764A /* CaptureSession.swift */ = {isa = PBXFileReference; fileEncoding = 4; lastKnownFileType = sourcecode.swift; path = CaptureSession.swift; sourceTree = "<group>"; };
		8511F13B2085D6F800B8764A /* PhotoCaptureDelegate.swift */ = {isa = PBXFileReference; fileEncoding = 4; lastKnownFileType = sourcecode.swift; path = PhotoCaptureDelegate.swift; sourceTree = "<group>"; };
		8511F13E208628FC00B8764A /* cuppon_lively_color_two.png */ = {isa = PBXFileReference; lastKnownFileType = image.png; path = cuppon_lively_color_two.png; sourceTree = "<group>"; };
		8511F13F208628FC00B8764A /* cuppon_smooth_silk_two.png */ = {isa = PBXFileReference; lastKnownFileType = image.png; path = cuppon_smooth_silk_two.png; sourceTree = "<group>"; };
		8511F140208628FC00B8764A /* square_button.png */ = {isa = PBXFileReference; lastKnownFileType = image.png; path = square_button.png; sourceTree = "<group>"; };
		8511F141208628FC00B8764A /* send_button.png */ = {isa = PBXFileReference; lastKnownFileType = image.png; path = send_button.png; sourceTree = "<group>"; };
		8511F142208628FC00B8764A /* cuppon.png */ = {isa = PBXFileReference; lastKnownFileType = image.png; path = cuppon.png; sourceTree = "<group>"; };
		8511F143208628FC00B8764A /* cupon_repair_protect_two.png */ = {isa = PBXFileReference; lastKnownFileType = image.png; path = cupon_repair_protect_two.png; sourceTree = "<group>"; };
		8511F14A208637C700B8764A /* template.jpg */ = {isa = PBXFileReference; lastKnownFileType = image.jpeg; path = template.jpg; sourceTree = "<group>"; };
		8511F14B208637C700B8764A /* back_to_app_button.png */ = {isa = PBXFileReference; lastKnownFileType = image.png; path = back_to_app_button.png; sourceTree = "<group>"; };
		8511F14C208637C700B8764A /* Vector Smart Object.png */ = {isa = PBXFileReference; lastKnownFileType = image.png; path = "Vector Smart Object.png"; sourceTree = "<group>"; };
		8511F15020863C9500B8764A /* lively_color_one.jpg */ = {isa = PBXFileReference; lastKnownFileType = image.jpeg; path = lively_color_one.jpg; sourceTree = "<group>"; };
		8511F15120863C9500B8764A /* lively_color_two.jpg */ = {isa = PBXFileReference; lastKnownFileType = image.jpeg; path = lively_color_two.jpg; sourceTree = "<group>"; };
		8511F15220863C9500B8764A /* lively_color_three.jpg */ = {isa = PBXFileReference; lastKnownFileType = image.jpeg; path = lively_color_three.jpg; sourceTree = "<group>"; };
		8511F15320863C9500B8764A /* repair_protect_three.jpg */ = {isa = PBXFileReference; lastKnownFileType = image.jpeg; path = repair_protect_three.jpg; sourceTree = "<group>"; };
		8511F15420863C9500B8764A /* repair_protect_two.jpg */ = {isa = PBXFileReference; lastKnownFileType = image.jpeg; path = repair_protect_two.jpg; sourceTree = "<group>"; };
		8511F15520863C9500B8764A /* smooth_silky_two.jpg */ = {isa = PBXFileReference; lastKnownFileType = image.jpeg; path = smooth_silky_two.jpg; sourceTree = "<group>"; };
		8511F15620863C9500B8764A /* smooth_silky_three.jpg */ = {isa = PBXFileReference; lastKnownFileType = image.jpeg; path = smooth_silky_three.jpg; sourceTree = "<group>"; };
		8511F15720863C9600B8764A /* smooth_silky_one.jpg */ = {isa = PBXFileReference; lastKnownFileType = image.jpeg; path = smooth_silky_one.jpg; sourceTree = "<group>"; };
		8511F15820863C9600B8764A /* repair_protect_one.jpg */ = {isa = PBXFileReference; lastKnownFileType = image.jpeg; path = repair_protect_one.jpg; sourceTree = "<group>"; };
		8513112220836B93008DF6F4 /* main_bg_updated.png */ = {isa = PBXFileReference; lastKnownFileType = image.png; path = main_bg_updated.png; sourceTree = "<group>"; };
		8513112320836B93008DF6F4 /* animation_one.png */ = {isa = PBXFileReference; lastKnownFileType = image.png; path = animation_one.png; sourceTree = "<group>"; };
		8513112420836B93008DF6F4 /* takepicture.png */ = {isa = PBXFileReference; lastKnownFileType = image.png; path = takepicture.png; sourceTree = "<group>"; };
		8513112520836B93008DF6F4 /* shoot_text.png */ = {isa = PBXFileReference; lastKnownFileType = image.png; path = shoot_text.png; sourceTree = "<group>"; };
		8513112620836B93008DF6F4 /* vector_three.png */ = {isa = PBXFileReference; lastKnownFileType = image.png; path = vector_three.png; sourceTree = "<group>"; };
		8513112720836B93008DF6F4 /* vector_two.png */ = {isa = PBXFileReference; lastKnownFileType = image.png; path = vector_two.png; sourceTree = "<group>"; };
		8513112820836B93008DF6F4 /* i_want_start.png */ = {isa = PBXFileReference; lastKnownFileType = image.png; path = i_want_start.png; sourceTree = "<group>"; };
		8513112920836B94008DF6F4 /* animation_four.png */ = {isa = PBXFileReference; lastKnownFileType = image.png; path = animation_four.png; sourceTree = "<group>"; };
		8513112A20836B94008DF6F4 /* animation_three.png */ = {isa = PBXFileReference; lastKnownFileType = image.png; path = animation_three.png; sourceTree = "<group>"; };
		8513112B20836B94008DF6F4 /* vector_four.png */ = {isa = PBXFileReference; lastKnownFileType = image.png; path = vector_four.png; sourceTree = "<group>"; };
		8513112C20836B94008DF6F4 /* back_button.png */ = {isa = PBXFileReference; lastKnownFileType = image.png; path = back_button.png; sourceTree = "<group>"; };
		8513112D20836B94008DF6F4 /* vector_one.png */ = {isa = PBXFileReference; lastKnownFileType = image.png; path = vector_one.png; sourceTree = "<group>"; };
		8513112E20836B94008DF6F4 /* Net.png */ = {isa = PBXFileReference; lastKnownFileType = image.png; path = Net.png; sourceTree = "<group>"; };
		8513112F20836B94008DF6F4 /* text_shooting.png */ = {isa = PBXFileReference; lastKnownFileType = image.png; path = text_shooting.png; sourceTree = "<group>"; };
		8513113020836B94008DF6F4 /* animation_two.png */ = {isa = PBXFileReference; lastKnownFileType = image.png; path = animation_two.png; sourceTree = "<group>"; };
		8513113120836B94008DF6F4 /* main_background.png */ = {isa = PBXFileReference; lastKnownFileType = image.png; path = main_background.png; sourceTree = "<group>"; };
		85131142208394C1008DF6F4 /* rec_three.jpg */ = {isa = PBXFileReference; lastKnownFileType = image.jpeg; path = rec_three.jpg; sourceTree = "<group>"; };
		85131143208394C1008DF6F4 /* rec_two.jpg */ = {isa = PBXFileReference; lastKnownFileType = image.jpeg; path = rec_two.jpg; sourceTree = "<group>"; };
		85131144208394C2008DF6F4 /* rec_one.jpg */ = {isa = PBXFileReference; lastKnownFileType = image.jpeg; path = rec_one.jpg; sourceTree = "<group>"; };
		85170AC120833850000AE5CD /* RecomendationVC.swift */ = {isa = PBXFileReference; lastKnownFileType = sourcecode.swift; path = RecomendationVC.swift; sourceTree = "<group>"; };
		85170AC320833862000AE5CD /* RecomendationModel.swift */ = {isa = PBXFileReference; lastKnownFileType = sourcecode.swift; path = RecomendationModel.swift; sourceTree = "<group>"; };
		85170AC62083387D000AE5CD /* RecomendationPresenter.swift */ = {isa = PBXFileReference; lastKnownFileType = sourcecode.swift; path = RecomendationPresenter.swift; sourceTree = "<group>"; };
		8530CE4D207DEEB400B0B6EB /* HomePageModelTests.swift */ = {isa = PBXFileReference; lastKnownFileType = sourcecode.swift; path = HomePageModelTests.swift; sourceTree = "<group>"; };
		859BB6B8207CC88E008870F5 /* HomePageVC.swift */ = {isa = PBXFileReference; fileEncoding = 4; lastKnownFileType = sourcecode.swift; path = HomePageVC.swift; sourceTree = "<group>"; };
		859BB6BB207CCA26008870F5 /* CameraVC.swift */ = {isa = PBXFileReference; lastKnownFileType = sourcecode.swift; path = CameraVC.swift; sourceTree = "<group>"; };
		859BB6BD207CCA4A008870F5 /* PhotoVC.swift */ = {isa = PBXFileReference; lastKnownFileType = sourcecode.swift; path = PhotoVC.swift; sourceTree = "<group>"; };
		859BB6BF207CCA5B008870F5 /* CouponVC.swift */ = {isa = PBXFileReference; lastKnownFileType = sourcecode.swift; path = CouponVC.swift; sourceTree = "<group>"; };
		859BB6C1207CCA6C008870F5 /* PolicyVC.swift */ = {isa = PBXFileReference; lastKnownFileType = sourcecode.swift; path = PolicyVC.swift; sourceTree = "<group>"; };
		859BB6C3207CCA7A008870F5 /* SettingsVC.swift */ = {isa = PBXFileReference; lastKnownFileType = sourcecode.swift; path = SettingsVC.swift; sourceTree = "<group>"; };
		859BB6C5207CCAA7008870F5 /* CameraModel.swift */ = {isa = PBXFileReference; lastKnownFileType = sourcecode.swift; path = CameraModel.swift; sourceTree = "<group>"; };
		859BB6C7207CCAB9008870F5 /* HomePageModel.swift */ = {isa = PBXFileReference; lastKnownFileType = sourcecode.swift; path = HomePageModel.swift; sourceTree = "<group>"; };
		859BB6C9207CCACA008870F5 /* PhotoModel.swift */ = {isa = PBXFileReference; lastKnownFileType = sourcecode.swift; path = PhotoModel.swift; sourceTree = "<group>"; };
		859BB6CB207CCADE008870F5 /* CouponModel.swift */ = {isa = PBXFileReference; lastKnownFileType = sourcecode.swift; path = CouponModel.swift; sourceTree = "<group>"; };
		859BB6CD207CCAEC008870F5 /* PolicyModel.swift */ = {isa = PBXFileReference; lastKnownFileType = sourcecode.swift; path = PolicyModel.swift; sourceTree = "<group>"; };
		859BB6CF207CCAFC008870F5 /* SettingsModel.swift */ = {isa = PBXFileReference; lastKnownFileType = sourcecode.swift; path = SettingsModel.swift; sourceTree = "<group>"; };
		859BB6D1207CCB2C008870F5 /* Storage.swift */ = {isa = PBXFileReference; lastKnownFileType = sourcecode.swift; path = Storage.swift; sourceTree = "<group>"; };
		859BB6D3207CCB4D008870F5 /* Twillio.swift */ = {isa = PBXFileReference; lastKnownFileType = sourcecode.swift; path = Twillio.swift; sourceTree = "<group>"; };
		859BB6D5207CCC13008870F5 /* FetchRequest.swift */ = {isa = PBXFileReference; lastKnownFileType = sourcecode.swift; path = FetchRequest.swift; sourceTree = "<group>"; };
		859BB6D7207CCC3D008870F5 /* AppManager.swift */ = {isa = PBXFileReference; lastKnownFileType = sourcecode.swift; path = AppManager.swift; sourceTree = "<group>"; };
		859BB6DF207CD5D2008870F5 /* HomePagePresenter.swift */ = {isa = PBXFileReference; lastKnownFileType = sourcecode.swift; path = HomePagePresenter.swift; sourceTree = "<group>"; };
		859BB6E1207CD639008870F5 /* CameraPresenter.swift */ = {isa = PBXFileReference; lastKnownFileType = sourcecode.swift; path = CameraPresenter.swift; sourceTree = "<group>"; };
		859BB6E3207CD6A3008870F5 /* PhotoPresenter.swift */ = {isa = PBXFileReference; lastKnownFileType = sourcecode.swift; path = PhotoPresenter.swift; sourceTree = "<group>"; };
		859BB6E5207CD6DC008870F5 /* CouponPresenter.swift */ = {isa = PBXFileReference; lastKnownFileType = sourcecode.swift; path = CouponPresenter.swift; sourceTree = "<group>"; };
		859BB6E7207CD6FB008870F5 /* PolicyPresenter.swift */ = {isa = PBXFileReference; lastKnownFileType = sourcecode.swift; path = PolicyPresenter.swift; sourceTree = "<group>"; };
		859BB6E9207CD710008870F5 /* SettingsPresenter.swift */ = {isa = PBXFileReference; lastKnownFileType = sourcecode.swift; path = SettingsPresenter.swift; sourceTree = "<group>"; };
		859BB6EB207CD764008870F5 /* Podfile */ = {isa = PBXFileReference; fileEncoding = 4; lastKnownFileType = text; path = Podfile; sourceTree = "<group>"; };
		859BB6F0207CF684008870F5 /* language.swift */ = {isa = PBXFileReference; lastKnownFileType = sourcecode.swift; path = language.swift; sourceTree = "<group>"; };
		91BFC0EE78A892AEAD80E16F /* Pods-ProcterGamble.release.xcconfig */ = {isa = PBXFileReference; includeInIndex = 1; lastKnownFileType = text.xcconfig; name = "Pods-ProcterGamble.release.xcconfig"; path = "Pods/Target Support Files/Pods-ProcterGamble/Pods-ProcterGamble.release.xcconfig"; sourceTree = "<group>"; };
		ACA6E8D93C7BCA3275364AB7 /* Pods_ProcterGamble.framework */ = {isa = PBXFileReference; explicitFileType = wrapper.framework; includeInIndex = 0; path = Pods_ProcterGamble.framework; sourceTree = BUILT_PRODUCTS_DIR; };
		FA83B2C1E28628E3F5F5B3FA /* Pods-ProcterGamble.debug.xcconfig */ = {isa = PBXFileReference; includeInIndex = 1; lastKnownFileType = text.xcconfig; name = "Pods-ProcterGamble.debug.xcconfig"; path = "Pods/Target Support Files/Pods-ProcterGamble/Pods-ProcterGamble.debug.xcconfig"; sourceTree = "<group>"; };
/* End PBXFileReference section */

/* Begin PBXFrameworksBuildPhase section */
		850FB212207A0A7F00E6658D /* Frameworks */ = {
			isa = PBXFrameworksBuildPhase;
			buildActionMask = 2147483647;
			files = (
				D7D109776152448852F300B2 /* Pods_ProcterGamble.framework in Frameworks */,
			);
			runOnlyForDeploymentPostprocessing = 0;
		};
		850FB226207A0A7F00E6658D /* Frameworks */ = {
			isa = PBXFrameworksBuildPhase;
			buildActionMask = 2147483647;
			files = (
			);
			runOnlyForDeploymentPostprocessing = 0;
		};
		850FB231207A0A7F00E6658D /* Frameworks */ = {
			isa = PBXFrameworksBuildPhase;
			buildActionMask = 2147483647;
			files = (
			);
			runOnlyForDeploymentPostprocessing = 0;
		};
/* End PBXFrameworksBuildPhase section */

/* Begin PBXGroup section */
		425EC89A0919C36D27C848C0 /* Frameworks */ = {
			isa = PBXGroup;
			children = (
				ACA6E8D93C7BCA3275364AB7 /* Pods_ProcterGamble.framework */,
			);
			name = Frameworks;
			sourceTree = "<group>";
		};
		5084842A47C6A2B11CC57366 /* Pods */ = {
			isa = PBXGroup;
			children = (
				FA83B2C1E28628E3F5F5B3FA /* Pods-ProcterGamble.debug.xcconfig */,
				91BFC0EE78A892AEAD80E16F /* Pods-ProcterGamble.release.xcconfig */,
			);
			name = Pods;
			sourceTree = "<group>";
		};
		850FB20C207A0A7F00E6658D = {
			isa = PBXGroup;
			children = (
				859BB6EB207CD764008870F5 /* Podfile */,
				850FB217207A0A7F00E6658D /* ProcterGamble */,
				850FB22C207A0A7F00E6658D /* ProcterGambleTests */,
				850FB237207A0A7F00E6658D /* ProcterGambleUITests */,
				850FB216207A0A7F00E6658D /* Products */,
				5084842A47C6A2B11CC57366 /* Pods */,
				425EC89A0919C36D27C848C0 /* Frameworks */,
			);
			sourceTree = "<group>";
		};
		850FB216207A0A7F00E6658D /* Products */ = {
			isa = PBXGroup;
			children = (
				850FB215207A0A7F00E6658D /* ProcterGamble.app */,
				850FB229207A0A7F00E6658D /* ProcterGambleTests.xctest */,
				850FB234207A0A7F00E6658D /* ProcterGambleUITests.xctest */,
			);
			name = Products;
			sourceTree = "<group>";
		};
		850FB217207A0A7F00E6658D /* ProcterGamble */ = {
			isa = PBXGroup;
			children = (
				859BB6EF207CE3D6008870F5 /* utils */,
				859BB6ED207CE1A6008870F5 /* UI */,
				859BB6BA207CC8D9008870F5 /* Managers */,
				859BB6B7207CC731008870F5 /* Resource */,
				859BB6B5207CC6F6008870F5 /* Services */,
				850FB218207A0A7F00E6658D /* AppDelegate.swift */,
				850FB21C207A0A7F00E6658D /* Main.storyboard */,
				6D26DC7C208F00F800FEF984 /* recomendation_btn.png */,
				6D26DC7D208F00F800FEF984 /* tryagain.png */,
				850FB21F207A0A7F00E6658D /* Assets.xcassets */,
				850FB221207A0A7F00E6658D /* LaunchScreen.storyboard */,
				850FB224207A0A7F00E6658D /* Info.plist */,
			);
			path = ProcterGamble;
			sourceTree = "<group>";
		};
		850FB22C207A0A7F00E6658D /* ProcterGambleTests */ = {
			isa = PBXGroup;
			children = (
				850FB22D207A0A7F00E6658D /* ProcterGambleTests.swift */,
				850FB22F207A0A7F00E6658D /* Info.plist */,
				8530CE4D207DEEB400B0B6EB /* HomePageModelTests.swift */,
			);
			path = ProcterGambleTests;
			sourceTree = "<group>";
		};
		850FB237207A0A7F00E6658D /* ProcterGambleUITests */ = {
			isa = PBXGroup;
			children = (
				850FB238207A0A7F00E6658D /* ProcterGambleUITests.swift */,
				850FB23A207A0A7F00E6658D /* Info.plist */,
			);
			path = ProcterGambleUITests;
			sourceTree = "<group>";
		};
		85170AC020833817000AE5CD /* Recomendation */ = {
			isa = PBXGroup;
			children = (
				85170AC120833850000AE5CD /* RecomendationVC.swift */,
				85170AC320833862000AE5CD /* RecomendationModel.swift */,
				85170AC62083387D000AE5CD /* RecomendationPresenter.swift */,
			);
			path = Recomendation;
			sourceTree = "<group>";
		};
		859BB6B5207CC6F6008870F5 /* Services */ = {
			isa = PBXGroup;
			children = (
				859BB6D1207CCB2C008870F5 /* Storage.swift */,
				859BB6D3207CCB4D008870F5 /* Twillio.swift */,
				859BB6D5207CCC13008870F5 /* FetchRequest.swift */,
			);
			path = Services;
			sourceTree = "<group>";
		};
		859BB6B7207CC731008870F5 /* Resource */ = {
			isa = PBXGroup;
			children = (
				6D26DC81208F013D00FEF984 /* recomendation_btn.png */,
				6D26DC80208F013D00FEF984 /* tryagain.png */,
				8511F15020863C9500B8764A /* lively_color_one.jpg */,
				8511F15220863C9500B8764A /* lively_color_three.jpg */,
				8511F15120863C9500B8764A /* lively_color_two.jpg */,
				8511F15820863C9600B8764A /* repair_protect_one.jpg */,
				8511F15320863C9500B8764A /* repair_protect_three.jpg */,
				8511F15420863C9500B8764A /* repair_protect_two.jpg */,
				8511F15720863C9600B8764A /* smooth_silky_one.jpg */,
				8511F15620863C9500B8764A /* smooth_silky_three.jpg */,
				8511F15520863C9500B8764A /* smooth_silky_two.jpg */,
				8511F14B208637C700B8764A /* back_to_app_button.png */,
				8511F14A208637C700B8764A /* template.jpg */,
				8511F14C208637C700B8764A /* Vector Smart Object.png */,
				8511F143208628FC00B8764A /* cupon_repair_protect_two.png */,
				8511F13E208628FC00B8764A /* cuppon_lively_color_two.png */,
				8511F13F208628FC00B8764A /* cuppon_smooth_silk_two.png */,
				8511F142208628FC00B8764A /* cuppon.png */,
				8511F141208628FC00B8764A /* send_button.png */,
				8511F140208628FC00B8764A /* square_button.png */,
				85131144208394C2008DF6F4 /* rec_one.jpg */,
				85131142208394C1008DF6F4 /* rec_three.jpg */,
				85131143208394C1008DF6F4 /* rec_two.jpg */,
				8513112920836B94008DF6F4 /* animation_four.png */,
				8513112320836B93008DF6F4 /* animation_one.png */,
				8513112A20836B94008DF6F4 /* animation_three.png */,
				8513113020836B94008DF6F4 /* animation_two.png */,
				8513112C20836B94008DF6F4 /* back_button.png */,
				8513112820836B93008DF6F4 /* i_want_start.png */,
				8513113120836B94008DF6F4 /* main_background.png */,
				8513112220836B93008DF6F4 /* main_bg_updated.png */,
				8513112E20836B94008DF6F4 /* Net.png */,
				8513112520836B93008DF6F4 /* shoot_text.png */,
				8513112420836B93008DF6F4 /* takepicture.png */,
				8513112F20836B94008DF6F4 /* text_shooting.png */,
				8513112B20836B94008DF6F4 /* vector_four.png */,
				8513112D20836B94008DF6F4 /* vector_one.png */,
				8513112620836B93008DF6F4 /* vector_three.png */,
				8513112720836B93008DF6F4 /* vector_two.png */,
			);
			path = Resource;
			sourceTree = "<group>";
		};
		859BB6BA207CC8D9008870F5 /* Managers */ = {
			isa = PBXGroup;
			children = (
				8511F13A2085D6F800B8764A /* CaptureSession.swift */,
				8511F13B2085D6F800B8764A /* PhotoCaptureDelegate.swift */,
				859BB6D7207CCC3D008870F5 /* AppManager.swift */,
				8509AEEF208CCCA900FFC7AD /* CameraManager.swift */,
			);
			path = Managers;
			sourceTree = "<group>";
		};
		859BB6D9207CD51A008870F5 /* HomePage */ = {
			isa = PBXGroup;
			children = (
				859BB6C7207CCAB9008870F5 /* HomePageModel.swift */,
				859BB6B8207CC88E008870F5 /* HomePageVC.swift */,
				859BB6DF207CD5D2008870F5 /* HomePagePresenter.swift */,
			);
			path = HomePage;
			sourceTree = "<group>";
		};
		859BB6DA207CD52B008870F5 /* Camera */ = {
			isa = PBXGroup;
			children = (
				859BB6C5207CCAA7008870F5 /* CameraModel.swift */,
				859BB6BB207CCA26008870F5 /* CameraVC.swift */,
				859BB6E1207CD639008870F5 /* CameraPresenter.swift */,
				8509AEF1208CD04B00FFC7AD /* Protocols.swift */,
			);
			path = Camera;
			sourceTree = "<group>";
		};
		859BB6DB207CD53B008870F5 /* Photo */ = {
			isa = PBXGroup;
			children = (
				859BB6C9207CCACA008870F5 /* PhotoModel.swift */,
				859BB6BD207CCA4A008870F5 /* PhotoVC.swift */,
				859BB6E3207CD6A3008870F5 /* PhotoPresenter.swift */,
			);
			path = Photo;
			sourceTree = "<group>";
		};
		859BB6DC207CD544008870F5 /* Cupon */ = {
			isa = PBXGroup;
			children = (
				859BB6CB207CCADE008870F5 /* CouponModel.swift */,
				859BB6BF207CCA5B008870F5 /* CouponVC.swift */,
				859BB6E5207CD6DC008870F5 /* CouponPresenter.swift */,
			);
			path = Cupon;
			sourceTree = "<group>";
		};
		859BB6DD207CD54F008870F5 /* Policy */ = {
			isa = PBXGroup;
			children = (
				859BB6CD207CCAEC008870F5 /* PolicyModel.swift */,
				859BB6C1207CCA6C008870F5 /* PolicyVC.swift */,
				859BB6E7207CD6FB008870F5 /* PolicyPresenter.swift */,
			);
			path = Policy;
			sourceTree = "<group>";
		};
		859BB6DE207CD562008870F5 /* Settings */ = {
			isa = PBXGroup;
			children = (
				859BB6CF207CCAFC008870F5 /* SettingsModel.swift */,
				859BB6C3207CCA7A008870F5 /* SettingsVC.swift */,
				859BB6E9207CD710008870F5 /* SettingsPresenter.swift */,
			);
			path = Settings;
			sourceTree = "<group>";
		};
		859BB6ED207CE1A6008870F5 /* UI */ = {
			isa = PBXGroup;
			children = (
				85170AC020833817000AE5CD /* Recomendation */,
				859BB6D9207CD51A008870F5 /* HomePage */,
				859BB6DA207CD52B008870F5 /* Camera */,
				859BB6DB207CD53B008870F5 /* Photo */,
				859BB6DC207CD544008870F5 /* Cupon */,
				859BB6DE207CD562008870F5 /* Settings */,
				859BB6DD207CD54F008870F5 /* Policy */,
			);
			path = UI;
			sourceTree = "<group>";
		};
		859BB6EF207CE3D6008870F5 /* utils */ = {
			isa = PBXGroup;
			children = (
				859BB6F0207CF684008870F5 /* language.swift */,
			);
			path = utils;
			sourceTree = "<group>";
		};
/* End PBXGroup section */

/* Begin PBXNativeTarget section */
		850FB214207A0A7F00E6658D /* ProcterGamble */ = {
			isa = PBXNativeTarget;
			buildConfigurationList = 850FB23D207A0A7F00E6658D /* Build configuration list for PBXNativeTarget "ProcterGamble" */;
			buildPhases = (
				F188A611157EAB687D71517B /* [CP] Check Pods Manifest.lock */,
				850FB211207A0A7F00E6658D /* Sources */,
				850FB212207A0A7F00E6658D /* Frameworks */,
				850FB213207A0A7F00E6658D /* Resources */,
				C33AB47EBC2853BCBB84AD8F /* [CP] Embed Pods Frameworks */,
				4F7E7249B2DD4CE046DBB12E /* [CP] Copy Pods Resources */,
			);
			buildRules = (
			);
			dependencies = (
			);
			name = ProcterGamble;
			productName = ProcterGamble;
			productReference = 850FB215207A0A7F00E6658D /* ProcterGamble.app */;
			productType = "com.apple.product-type.application";
		};
		850FB228207A0A7F00E6658D /* ProcterGambleTests */ = {
			isa = PBXNativeTarget;
			buildConfigurationList = 850FB240207A0A7F00E6658D /* Build configuration list for PBXNativeTarget "ProcterGambleTests" */;
			buildPhases = (
				850FB225207A0A7F00E6658D /* Sources */,
				850FB226207A0A7F00E6658D /* Frameworks */,
				850FB227207A0A7F00E6658D /* Resources */,
			);
			buildRules = (
			);
			dependencies = (
				850FB22B207A0A7F00E6658D /* PBXTargetDependency */,
			);
			name = ProcterGambleTests;
			productName = ProcterGambleTests;
			productReference = 850FB229207A0A7F00E6658D /* ProcterGambleTests.xctest */;
			productType = "com.apple.product-type.bundle.unit-test";
		};
		850FB233207A0A7F00E6658D /* ProcterGambleUITests */ = {
			isa = PBXNativeTarget;
			buildConfigurationList = 850FB243207A0A7F00E6658D /* Build configuration list for PBXNativeTarget "ProcterGambleUITests" */;
			buildPhases = (
				850FB230207A0A7F00E6658D /* Sources */,
				850FB231207A0A7F00E6658D /* Frameworks */,
				850FB232207A0A7F00E6658D /* Resources */,
			);
			buildRules = (
			);
			dependencies = (
				850FB236207A0A7F00E6658D /* PBXTargetDependency */,
			);
			name = ProcterGambleUITests;
			productName = ProcterGambleUITests;
			productReference = 850FB234207A0A7F00E6658D /* ProcterGambleUITests.xctest */;
			productType = "com.apple.product-type.bundle.ui-testing";
		};
/* End PBXNativeTarget section */

/* Begin PBXProject section */
		850FB20D207A0A7F00E6658D /* Project object */ = {
			isa = PBXProject;
			attributes = {
				KnownAssetTags = (
					eng_button,
					heb,
					heb_button,
				);
				LastSwiftUpdateCheck = 0920;
				LastUpgradeCheck = 0920;
				ORGANIZATIONNAME = "Rita Zemaitis";
				TargetAttributes = {
					850FB214207A0A7F00E6658D = {
						CreatedOnToolsVersion = 9.2;
						ProvisioningStyle = Automatic;
					};
					850FB228207A0A7F00E6658D = {
						CreatedOnToolsVersion = 9.2;
						ProvisioningStyle = Automatic;
						TestTargetID = 850FB214207A0A7F00E6658D;
					};
					850FB233207A0A7F00E6658D = {
						CreatedOnToolsVersion = 9.2;
						ProvisioningStyle = Automatic;
						TestTargetID = 850FB214207A0A7F00E6658D;
					};
				};
			};
			buildConfigurationList = 850FB210207A0A7F00E6658D /* Build configuration list for PBXProject "ProcterGamble" */;
			compatibilityVersion = "Xcode 8.0";
			developmentRegion = en;
			hasScannedForEncodings = 0;
			knownRegions = (
				en,
				Base,
			);
			mainGroup = 850FB20C207A0A7F00E6658D;
			productRefGroup = 850FB216207A0A7F00E6658D /* Products */;
			projectDirPath = "";
			projectRoot = "";
			targets = (
				850FB214207A0A7F00E6658D /* ProcterGamble */,
				850FB228207A0A7F00E6658D /* ProcterGambleTests */,
				850FB233207A0A7F00E6658D /* ProcterGambleUITests */,
			);
		};
/* End PBXProject section */

/* Begin PBXResourcesBuildPhase section */
		850FB213207A0A7F00E6658D /* Resources */ = {
			isa = PBXResourcesBuildPhase;
			buildActionMask = 2147483647;
			files = (
				8513113920836B94008DF6F4 /* animation_four.png in Resources */,
				850FB223207A0A7F00E6658D /* LaunchScreen.storyboard in Resources */,
				8511F148208628FD00B8764A /* cuppon.png in Resources */,
				8513114020836B94008DF6F4 /* animation_two.png in Resources */,
				8513113C20836B94008DF6F4 /* back_button.png in Resources */,
				8511F149208628FD00B8764A /* cupon_repair_protect_two.png in Resources */,
				8513113F20836B94008DF6F4 /* text_shooting.png in Resources */,
				8511F14E208637C700B8764A /* back_to_app_button.png in Resources */,
				8513113320836B94008DF6F4 /* animation_one.png in Resources */,
				8511F16120863C9600B8764A /* repair_protect_one.jpg in Resources */,
				8513113520836B94008DF6F4 /* shoot_text.png in Resources */,
				6D26DC7E208F00F900FEF984 /* recomendation_btn.png in Resources */,
				8513113D20836B94008DF6F4 /* vector_one.png in Resources */,
				8513113720836B94008DF6F4 /* vector_two.png in Resources */,
				8513113220836B94008DF6F4 /* main_bg_updated.png in Resources */,
				8511F15F20863C9600B8764A /* smooth_silky_three.jpg in Resources */,
				8513113420836B94008DF6F4 /* takepicture.png in Resources */,
				8513113E20836B94008DF6F4 /* Net.png in Resources */,
				8511F15B20863C9600B8764A /* lively_color_three.jpg in Resources */,
				8511F16020863C9600B8764A /* smooth_silky_one.jpg in Resources */,
				8513113620836B94008DF6F4 /* vector_three.png in Resources */,
				8513113820836B94008DF6F4 /* i_want_start.png in Resources */,
				6D26DC82208F013D00FEF984 /* tryagain.png in Resources */,
				8511F144208628FD00B8764A /* cuppon_lively_color_two.png in Resources */,
				8511F15E20863C9600B8764A /* smooth_silky_two.jpg in Resources */,
				85131145208394C2008DF6F4 /* rec_three.jpg in Resources */,
				8511F15A20863C9600B8764A /* lively_color_two.jpg in Resources */,
				8511F15C20863C9600B8764A /* repair_protect_three.jpg in Resources */,
				8511F147208628FD00B8764A /* send_button.png in Resources */,
				8511F14D208637C700B8764A /* template.jpg in Resources */,
				8511F146208628FD00B8764A /* square_button.png in Resources */,
				8513114120836B94008DF6F4 /* main_background.png in Resources */,
				850FB220207A0A7F00E6658D /* Assets.xcassets in Resources */,
				8513113B20836B94008DF6F4 /* vector_four.png in Resources */,
				859BB6EC207CD764008870F5 /* Podfile in Resources */,
				85131147208394C2008DF6F4 /* rec_one.jpg in Resources */,
				8511F14F208637C700B8764A /* Vector Smart Object.png in Resources */,
				6D26DC7F208F00F900FEF984 /* tryagain.png in Resources */,
				8511F15D20863C9600B8764A /* repair_protect_two.jpg in Resources */,
				8511F15920863C9600B8764A /* lively_color_one.jpg in Resources */,
				85131146208394C2008DF6F4 /* rec_two.jpg in Resources */,
				6D26DC83208F013D00FEF984 /* recomendation_btn.png in Resources */,
				850FB21E207A0A7F00E6658D /* Main.storyboard in Resources */,
				8511F145208628FD00B8764A /* cuppon_smooth_silk_two.png in Resources */,
				8513113A20836B94008DF6F4 /* animation_three.png in Resources */,
			);
			runOnlyForDeploymentPostprocessing = 0;
		};
		850FB227207A0A7F00E6658D /* Resources */ = {
			isa = PBXResourcesBuildPhase;
			buildActionMask = 2147483647;
			files = (
			);
			runOnlyForDeploymentPostprocessing = 0;
		};
		850FB232207A0A7F00E6658D /* Resources */ = {
			isa = PBXResourcesBuildPhase;
			buildActionMask = 2147483647;
			files = (
			);
			runOnlyForDeploymentPostprocessing = 0;
		};
/* End PBXResourcesBuildPhase section */

/* Begin PBXShellScriptBuildPhase section */
		4F7E7249B2DD4CE046DBB12E /* [CP] Copy Pods Resources */ = {
			isa = PBXShellScriptBuildPhase;
			buildActionMask = 2147483647;
			files = (
			);
			inputPaths = (
			);
			name = "[CP] Copy Pods Resources";
			outputPaths = (
			);
			runOnlyForDeploymentPostprocessing = 0;
			shellPath = /bin/sh;
			shellScript = "\"${SRCROOT}/Pods/Target Support Files/Pods-ProcterGamble/Pods-ProcterGamble-resources.sh\"\n";
			showEnvVarsInLog = 0;
		};
		C33AB47EBC2853BCBB84AD8F /* [CP] Embed Pods Frameworks */ = {
			isa = PBXShellScriptBuildPhase;
			buildActionMask = 2147483647;
			files = (
			);
			inputPaths = (
				"${SRCROOT}/Pods/Target Support Files/Pods-ProcterGamble/Pods-ProcterGamble-frameworks.sh",
				"${BUILT_PRODUCTS_DIR}/Alamofire/Alamofire.framework",
				"${BUILT_PRODUCTS_DIR}/GoogleToolboxForMac/GoogleToolboxForMac.framework",
				"${BUILT_PRODUCTS_DIR}/nanopb/nanopb.framework",
			);
			name = "[CP] Embed Pods Frameworks";
			outputPaths = (
				"${TARGET_BUILD_DIR}/${FRAMEWORKS_FOLDER_PATH}/Alamofire.framework",
				"${TARGET_BUILD_DIR}/${FRAMEWORKS_FOLDER_PATH}/GoogleToolboxForMac.framework",
				"${TARGET_BUILD_DIR}/${FRAMEWORKS_FOLDER_PATH}/nanopb.framework",
			);
			runOnlyForDeploymentPostprocessing = 0;
			shellPath = /bin/sh;
			shellScript = "\"${SRCROOT}/Pods/Target Support Files/Pods-ProcterGamble/Pods-ProcterGamble-frameworks.sh\"\n";
			showEnvVarsInLog = 0;
		};
		F188A611157EAB687D71517B /* [CP] Check Pods Manifest.lock */ = {
			isa = PBXShellScriptBuildPhase;
			buildActionMask = 2147483647;
			files = (
			);
			inputPaths = (
				"${PODS_PODFILE_DIR_PATH}/Podfile.lock",
				"${PODS_ROOT}/Manifest.lock",
			);
			name = "[CP] Check Pods Manifest.lock";
			outputPaths = (
				"$(DERIVED_FILE_DIR)/Pods-ProcterGamble-checkManifestLockResult.txt",
			);
			runOnlyForDeploymentPostprocessing = 0;
			shellPath = /bin/sh;
			shellScript = "diff \"${PODS_PODFILE_DIR_PATH}/Podfile.lock\" \"${PODS_ROOT}/Manifest.lock\" > /dev/null\nif [ $? != 0 ] ; then\n    # print error to STDERR\n    echo \"error: The sandbox is not in sync with the Podfile.lock. Run 'pod install' or update your CocoaPods installation.\" >&2\n    exit 1\nfi\n# This output is used by Xcode 'outputs' to avoid re-running this script phase.\necho \"SUCCESS\" > \"${SCRIPT_OUTPUT_FILE_0}\"\n";
			showEnvVarsInLog = 0;
		};
/* End PBXShellScriptBuildPhase section */

/* Begin PBXSourcesBuildPhase section */
		850FB211207A0A7F00E6658D /* Sources */ = {
			isa = PBXSourcesBuildPhase;
			buildActionMask = 2147483647;
			files = (
				859BB6D6207CCC13008870F5 /* FetchRequest.swift in Sources */,
				859BB6C8207CCAB9008870F5 /* HomePageModel.swift in Sources */,
				859BB6D2207CCB2C008870F5 /* Storage.swift in Sources */,
				859BB6C0207CCA5B008870F5 /* CouponVC.swift in Sources */,
				8509AEF0208CCCA900FFC7AD /* CameraManager.swift in Sources */,
				859BB6E2207CD639008870F5 /* CameraPresenter.swift in Sources */,
				8511F13D2085D6F800B8764A /* PhotoCaptureDelegate.swift in Sources */,
				859BB6F1207CF684008870F5 /* language.swift in Sources */,
				859BB6E4207CD6A3008870F5 /* PhotoPresenter.swift in Sources */,
				859BB6BE207CCA4A008870F5 /* PhotoVC.swift in Sources */,
				850FB219207A0A7F00E6658D /* AppDelegate.swift in Sources */,
				859BB6B9207CC88E008870F5 /* HomePageVC.swift in Sources */,
				859BB6C4207CCA7A008870F5 /* SettingsVC.swift in Sources */,
				859BB6E0207CD5D2008870F5 /* HomePagePresenter.swift in Sources */,
				859BB6D4207CCB4D008870F5 /* Twillio.swift in Sources */,
				859BB6CC207CCADE008870F5 /* CouponModel.swift in Sources */,
				859BB6BC207CCA26008870F5 /* CameraVC.swift in Sources */,
				859BB6D8207CCC3D008870F5 /* AppManager.swift in Sources */,
				859BB6E6207CD6DC008870F5 /* CouponPresenter.swift in Sources */,
				859BB6C6207CCAA7008870F5 /* CameraModel.swift in Sources */,
				859BB6CE207CCAEC008870F5 /* PolicyModel.swift in Sources */,
				8511F13C2085D6F800B8764A /* CaptureSession.swift in Sources */,
				859BB6CA207CCACA008870F5 /* PhotoModel.swift in Sources */,
				85170AC220833850000AE5CD /* RecomendationVC.swift in Sources */,
				859BB6EA207CD710008870F5 /* SettingsPresenter.swift in Sources */,
				85170AC420833862000AE5CD /* RecomendationModel.swift in Sources */,
				859BB6C2207CCA6C008870F5 /* PolicyVC.swift in Sources */,
				859BB6E8207CD6FB008870F5 /* PolicyPresenter.swift in Sources */,
				8509AEF2208CD04B00FFC7AD /* Protocols.swift in Sources */,
				859BB6D0207CCAFC008870F5 /* SettingsModel.swift in Sources */,
				85170AC72083387D000AE5CD /* RecomendationPresenter.swift in Sources */,
			);
			runOnlyForDeploymentPostprocessing = 0;
		};
		850FB225207A0A7F00E6658D /* Sources */ = {
			isa = PBXSourcesBuildPhase;
			buildActionMask = 2147483647;
			files = (
				850FB22E207A0A7F00E6658D /* ProcterGambleTests.swift in Sources */,
				8530CE4E207DEEB400B0B6EB /* HomePageModelTests.swift in Sources */,
			);
			runOnlyForDeploymentPostprocessing = 0;
		};
		850FB230207A0A7F00E6658D /* Sources */ = {
			isa = PBXSourcesBuildPhase;
			buildActionMask = 2147483647;
			files = (
				850FB239207A0A7F00E6658D /* ProcterGambleUITests.swift in Sources */,
			);
			runOnlyForDeploymentPostprocessing = 0;
		};
/* End PBXSourcesBuildPhase section */

/* Begin PBXTargetDependency section */
		850FB22B207A0A7F00E6658D /* PBXTargetDependency */ = {
			isa = PBXTargetDependency;
			target = 850FB214207A0A7F00E6658D /* ProcterGamble */;
			targetProxy = 850FB22A207A0A7F00E6658D /* PBXContainerItemProxy */;
		};
		850FB236207A0A7F00E6658D /* PBXTargetDependency */ = {
			isa = PBXTargetDependency;
			target = 850FB214207A0A7F00E6658D /* ProcterGamble */;
			targetProxy = 850FB235207A0A7F00E6658D /* PBXContainerItemProxy */;
		};
/* End PBXTargetDependency section */

/* Begin PBXVariantGroup section */
		850FB21C207A0A7F00E6658D /* Main.storyboard */ = {
			isa = PBXVariantGroup;
			children = (
				850FB21D207A0A7F00E6658D /* Base */,
			);
			name = Main.storyboard;
			sourceTree = "<group>";
		};
		850FB221207A0A7F00E6658D /* LaunchScreen.storyboard */ = {
			isa = PBXVariantGroup;
			children = (
				850FB222207A0A7F00E6658D /* Base */,
			);
			name = LaunchScreen.storyboard;
			sourceTree = "<group>";
		};
/* End PBXVariantGroup section */

/* Begin XCBuildConfiguration section */
		850FB23B207A0A7F00E6658D /* Debug */ = {
			isa = XCBuildConfiguration;
			buildSettings = {
				ALWAYS_SEARCH_USER_PATHS = NO;
				CLANG_ANALYZER_NONNULL = YES;
				CLANG_ANALYZER_NUMBER_OBJECT_CONVERSION = YES_AGGRESSIVE;
				CLANG_CXX_LANGUAGE_STANDARD = "gnu++14";
				CLANG_CXX_LIBRARY = "libc++";
				CLANG_ENABLE_MODULES = YES;
				CLANG_ENABLE_OBJC_ARC = YES;
				CLANG_WARN_BLOCK_CAPTURE_AUTORELEASING = YES;
				CLANG_WARN_BOOL_CONVERSION = YES;
				CLANG_WARN_COMMA = YES;
				CLANG_WARN_CONSTANT_CONVERSION = YES;
				CLANG_WARN_DIRECT_OBJC_ISA_USAGE = YES_ERROR;
				CLANG_WARN_DOCUMENTATION_COMMENTS = YES;
				CLANG_WARN_EMPTY_BODY = YES;
				CLANG_WARN_ENUM_CONVERSION = YES;
				CLANG_WARN_INFINITE_RECURSION = YES;
				CLANG_WARN_INT_CONVERSION = YES;
				CLANG_WARN_NON_LITERAL_NULL_CONVERSION = YES;
				CLANG_WARN_OBJC_LITERAL_CONVERSION = YES;
				CLANG_WARN_OBJC_ROOT_CLASS = YES_ERROR;
				CLANG_WARN_RANGE_LOOP_ANALYSIS = YES;
				CLANG_WARN_STRICT_PROTOTYPES = YES;
				CLANG_WARN_SUSPICIOUS_MOVE = YES;
				CLANG_WARN_UNGUARDED_AVAILABILITY = YES_AGGRESSIVE;
				CLANG_WARN_UNREACHABLE_CODE = YES;
				CLANG_WARN__DUPLICATE_METHOD_MATCH = YES;
				CODE_SIGN_IDENTITY = "iPhone Developer";
				COPY_PHASE_STRIP = NO;
				DEBUG_INFORMATION_FORMAT = dwarf;
				ENABLE_STRICT_OBJC_MSGSEND = YES;
				ENABLE_TESTABILITY = YES;
				GCC_C_LANGUAGE_STANDARD = gnu11;
				GCC_DYNAMIC_NO_PIC = NO;
				GCC_NO_COMMON_BLOCKS = YES;
				GCC_OPTIMIZATION_LEVEL = 0;
				GCC_PREPROCESSOR_DEFINITIONS = (
					"DEBUG=1",
					"$(inherited)",
				);
				GCC_WARN_64_TO_32_BIT_CONVERSION = YES;
				GCC_WARN_ABOUT_RETURN_TYPE = YES_ERROR;
				GCC_WARN_UNDECLARED_SELECTOR = YES;
				GCC_WARN_UNINITIALIZED_AUTOS = YES_AGGRESSIVE;
				GCC_WARN_UNUSED_FUNCTION = YES;
				GCC_WARN_UNUSED_VARIABLE = YES;
				IPHONEOS_DEPLOYMENT_TARGET = 11.2;
				MTL_ENABLE_DEBUG_INFO = YES;
				ONLY_ACTIVE_ARCH = YES;
				SDKROOT = iphoneos;
				SWIFT_ACTIVE_COMPILATION_CONDITIONS = DEBUG;
				SWIFT_OPTIMIZATION_LEVEL = "-Onone";
			};
			name = Debug;
		};
		850FB23C207A0A7F00E6658D /* Release */ = {
			isa = XCBuildConfiguration;
			buildSettings = {
				ALWAYS_SEARCH_USER_PATHS = NO;
				CLANG_ANALYZER_NONNULL = YES;
				CLANG_ANALYZER_NUMBER_OBJECT_CONVERSION = YES_AGGRESSIVE;
				CLANG_CXX_LANGUAGE_STANDARD = "gnu++14";
				CLANG_CXX_LIBRARY = "libc++";
				CLANG_ENABLE_MODULES = YES;
				CLANG_ENABLE_OBJC_ARC = YES;
				CLANG_WARN_BLOCK_CAPTURE_AUTORELEASING = YES;
				CLANG_WARN_BOOL_CONVERSION = YES;
				CLANG_WARN_COMMA = YES;
				CLANG_WARN_CONSTANT_CONVERSION = YES;
				CLANG_WARN_DIRECT_OBJC_ISA_USAGE = YES_ERROR;
				CLANG_WARN_DOCUMENTATION_COMMENTS = YES;
				CLANG_WARN_EMPTY_BODY = YES;
				CLANG_WARN_ENUM_CONVERSION = YES;
				CLANG_WARN_INFINITE_RECURSION = YES;
				CLANG_WARN_INT_CONVERSION = YES;
				CLANG_WARN_NON_LITERAL_NULL_CONVERSION = YES;
				CLANG_WARN_OBJC_LITERAL_CONVERSION = YES;
				CLANG_WARN_OBJC_ROOT_CLASS = YES_ERROR;
				CLANG_WARN_RANGE_LOOP_ANALYSIS = YES;
				CLANG_WARN_STRICT_PROTOTYPES = YES;
				CLANG_WARN_SUSPICIOUS_MOVE = YES;
				CLANG_WARN_UNGUARDED_AVAILABILITY = YES_AGGRESSIVE;
				CLANG_WARN_UNREACHABLE_CODE = YES;
				CLANG_WARN__DUPLICATE_METHOD_MATCH = YES;
				CODE_SIGN_IDENTITY = "iPhone Developer";
				COPY_PHASE_STRIP = NO;
				DEBUG_INFORMATION_FORMAT = "dwarf-with-dsym";
				ENABLE_NS_ASSERTIONS = NO;
				ENABLE_STRICT_OBJC_MSGSEND = YES;
				GCC_C_LANGUAGE_STANDARD = gnu11;
				GCC_NO_COMMON_BLOCKS = YES;
				GCC_WARN_64_TO_32_BIT_CONVERSION = YES;
				GCC_WARN_ABOUT_RETURN_TYPE = YES_ERROR;
				GCC_WARN_UNDECLARED_SELECTOR = YES;
				GCC_WARN_UNINITIALIZED_AUTOS = YES_AGGRESSIVE;
				GCC_WARN_UNUSED_FUNCTION = YES;
				GCC_WARN_UNUSED_VARIABLE = YES;
				IPHONEOS_DEPLOYMENT_TARGET = 11.2;
				MTL_ENABLE_DEBUG_INFO = NO;
				SDKROOT = iphoneos;
				SWIFT_OPTIMIZATION_LEVEL = "-Owholemodule";
				VALIDATE_PRODUCT = YES;
			};
			name = Release;
		};
		850FB23E207A0A7F00E6658D /* Debug */ = {
			isa = XCBuildConfiguration;
			baseConfigurationReference = FA83B2C1E28628E3F5F5B3FA /* Pods-ProcterGamble.debug.xcconfig */;
			buildSettings = {
				ASSETCATALOG_COMPILER_APPICON_NAME = AppIcon;
				CODE_SIGN_STYLE = Automatic;
				DEVELOPMENT_TEAM = X8M39F9VTC;
				INFOPLIST_FILE = ProcterGamble/Info.plist;
				LD_RUNPATH_SEARCH_PATHS = "$(inherited) @executable_path/Frameworks";
				PRODUCT_BUNDLE_IDENTIFIER = yaelsoft.ProcterGamble;
				PRODUCT_NAME = "$(TARGET_NAME)";
				SWIFT_VERSION = 4.0;
				TARGETED_DEVICE_FAMILY = "1,2";
			};
			name = Debug;
		};
		850FB23F207A0A7F00E6658D /* Release */ = {
			isa = XCBuildConfiguration;
			baseConfigurationReference = 91BFC0EE78A892AEAD80E16F /* Pods-ProcterGamble.release.xcconfig */;
			buildSettings = {
				ASSETCATALOG_COMPILER_APPICON_NAME = AppIcon;
				CODE_SIGN_STYLE = Automatic;
				DEVELOPMENT_TEAM = X8M39F9VTC;
				INFOPLIST_FILE = ProcterGamble/Info.plist;
				LD_RUNPATH_SEARCH_PATHS = "$(inherited) @executable_path/Frameworks";
				PRODUCT_BUNDLE_IDENTIFIER = yaelsoft.ProcterGamble;
				PRODUCT_NAME = "$(TARGET_NAME)";
				SWIFT_VERSION = 4.0;
				TARGETED_DEVICE_FAMILY = "1,2";
			};
			name = Release;
		};
		850FB241207A0A7F00E6658D /* Debug */ = {
			isa = XCBuildConfiguration;
			buildSettings = {
				ALWAYS_EMBED_SWIFT_STANDARD_LIBRARIES = YES;
				BUNDLE_LOADER = "$(TEST_HOST)";
				CODE_SIGN_STYLE = Automatic;
				DEVELOPMENT_TEAM = X8M39F9VTC;
				INFOPLIST_FILE = ProcterGambleTests/Info.plist;
				LD_RUNPATH_SEARCH_PATHS = "$(inherited) @executable_path/Frameworks @loader_path/Frameworks";
				PRODUCT_BUNDLE_IDENTIFIER = yaelsoft.ProcterGambleTests;
				PRODUCT_NAME = "$(TARGET_NAME)";
				SWIFT_VERSION = 4.0;
				TARGETED_DEVICE_FAMILY = "1,2";
				TEST_HOST = "$(BUILT_PRODUCTS_DIR)/ProcterGamble.app/ProcterGamble";
			};
			name = Debug;
		};
		850FB242207A0A7F00E6658D /* Release */ = {
			isa = XCBuildConfiguration;
			buildSettings = {
				ALWAYS_EMBED_SWIFT_STANDARD_LIBRARIES = YES;
				BUNDLE_LOADER = "$(TEST_HOST)";
				CODE_SIGN_STYLE = Automatic;
				DEVELOPMENT_TEAM = X8M39F9VTC;
				INFOPLIST_FILE = ProcterGambleTests/Info.plist;
				LD_RUNPATH_SEARCH_PATHS = "$(inherited) @executable_path/Frameworks @loader_path/Frameworks";
				PRODUCT_BUNDLE_IDENTIFIER = yaelsoft.ProcterGambleTests;
				PRODUCT_NAME = "$(TARGET_NAME)";
				SWIFT_VERSION = 4.0;
				TARGETED_DEVICE_FAMILY = "1,2";
				TEST_HOST = "$(BUILT_PRODUCTS_DIR)/ProcterGamble.app/ProcterGamble";
			};
			name = Release;
		};
		850FB244207A0A7F00E6658D /* Debug */ = {
			isa = XCBuildConfiguration;
			buildSettings = {
				ALWAYS_EMBED_SWIFT_STANDARD_LIBRARIES = YES;
				CODE_SIGN_STYLE = Automatic;
				DEVELOPMENT_TEAM = X8M39F9VTC;
				INFOPLIST_FILE = ProcterGambleUITests/Info.plist;
				LD_RUNPATH_SEARCH_PATHS = "$(inherited) @executable_path/Frameworks @loader_path/Frameworks";
				PRODUCT_BUNDLE_IDENTIFIER = yaelsoft.ProcterGambleUITests;
				PRODUCT_NAME = "$(TARGET_NAME)";
				SWIFT_VERSION = 4.0;
				TARGETED_DEVICE_FAMILY = "1,2";
				TEST_TARGET_NAME = ProcterGamble;
			};
			name = Debug;
		};
		850FB245207A0A7F00E6658D /* Release */ = {
			isa = XCBuildConfiguration;
			buildSettings = {
				ALWAYS_EMBED_SWIFT_STANDARD_LIBRARIES = YES;
				CODE_SIGN_STYLE = Automatic;
				DEVELOPMENT_TEAM = X8M39F9VTC;
				INFOPLIST_FILE = ProcterGambleUITests/Info.plist;
				LD_RUNPATH_SEARCH_PATHS = "$(inherited) @executable_path/Frameworks @loader_path/Frameworks";
				PRODUCT_BUNDLE_IDENTIFIER = yaelsoft.ProcterGambleUITests;
				PRODUCT_NAME = "$(TARGET_NAME)";
				SWIFT_VERSION = 4.0;
				TARGETED_DEVICE_FAMILY = "1,2";
				TEST_TARGET_NAME = ProcterGamble;
			};
			name = Release;
		};
/* End XCBuildConfiguration section */

/* Begin XCConfigurationList section */
		850FB210207A0A7F00E6658D /* Build configuration list for PBXProject "ProcterGamble" */ = {
			isa = XCConfigurationList;
			buildConfigurations = (
				850FB23B207A0A7F00E6658D /* Debug */,
				850FB23C207A0A7F00E6658D /* Release */,
			);
			defaultConfigurationIsVisible = 0;
			defaultConfigurationName = Release;
		};
		850FB23D207A0A7F00E6658D /* Build configuration list for PBXNativeTarget "ProcterGamble" */ = {
			isa = XCConfigurationList;
			buildConfigurations = (
				850FB23E207A0A7F00E6658D /* Debug */,
				850FB23F207A0A7F00E6658D /* Release */,
			);
			defaultConfigurationIsVisible = 0;
			defaultConfigurationName = Release;
		};
		850FB240207A0A7F00E6658D /* Build configuration list for PBXNativeTarget "ProcterGambleTests" */ = {
			isa = XCConfigurationList;
			buildConfigurations = (
				850FB241207A0A7F00E6658D /* Debug */,
				850FB242207A0A7F00E6658D /* Release */,
			);
			defaultConfigurationIsVisible = 0;
			defaultConfigurationName = Release;
		};
		850FB243207A0A7F00E6658D /* Build configuration list for PBXNativeTarget "ProcterGambleUITests" */ = {
			isa = XCConfigurationList;
			buildConfigurations = (
				850FB244207A0A7F00E6658D /* Debug */,
				850FB245207A0A7F00E6658D /* Release */,
			);
			defaultConfigurationIsVisible = 0;
			defaultConfigurationName = Release;
		};
/* End XCConfigurationList section */
	};
	rootObject = 850FB20D207A0A7F00E6658D /* Project object */;
}
